
Microsoft Visual Studio Solution File, Format Version 12.00
# Visual Studio 15
VisualStudioVersion = 15.0.26124.0
MinimumVisualStudioVersion = 15.0.26124.0
Project("{FAE04EC0-301F-11D3-BF4B-00C04F79EFBC}") = "School.Database", "School.Database\School.Database.csproj", "{5FACAA0E-F79F-4458-97CA-EF043B4477C0}"
EndProject
Project("{FAE04EC0-301F-11D3-BF4B-00C04F79EFBC}") = "School.Repository", "School.Repository\School.Repository.csproj", "{2BBADC57-379F-4C67-B117-6E12CD03457D}"
EndProject
Project("{FAE04EC0-301F-11D3-BF4B-00C04F79EFBC}") = "School.Business", "School.Business\School.Business.csproj", "{310F5871-D438-42DA-A437-B5D280829666}"
EndProject
Project("{FAE04EC0-301F-11D3-BF4B-00C04F79EFBC}") = "School.Web", "School.Web\School.Web.csproj", "{706A1FD6-45AD-4AA6-994A-41B37947189F}"
EndProject
Global
	GlobalSection(SolutionConfigurationPlatforms) = preSolution
		Debug|Any CPU = Debug|Any CPU
		Debug|x64 = Debug|x64
		Debug|x86 = Debug|x86
		Release|Any CPU = Release|Any CPU
		Release|x64 = Release|x64
		Release|x86 = Release|x86
	EndGlobalSection
	GlobalSection(SolutionProperties) = preSolution
		HideSolutionNode = FALSE
	EndGlobalSection
	GlobalSection(ProjectConfigurationPlatforms) = postSolution
		{5FACAA0E-F79F-4458-97CA-EF043B4477C0}.Debug|Any CPU.ActiveCfg = Debug|Any CPU
		{5FACAA0E-F79F-4458-97CA-EF043B4477C0}.Debug|Any CPU.Build.0 = Debug|Any CPU
		{5FACAA0E-F79F-4458-97CA-EF043B4477C0}.Debug|x64.ActiveCfg = Debug|Any CPU
		{5FACAA0E-F79F-4458-97CA-EF043B4477C0}.Debug|x64.Build.0 = Debug|Any CPU
		{5FACAA0E-F79F-4458-97CA-EF043B4477C0}.Debug|x86.ActiveCfg = Debug|Any CPU
		{5FACAA0E-F79F-4458-97CA-EF043B4477C0}.Debug|x86.Build.0 = Debug|Any CPU
		{5FACAA0E-F79F-4458-97CA-EF043B4477C0}.Release|Any CPU.ActiveCfg = Release|Any CPU
		{5FACAA0E-F79F-4458-97CA-EF043B4477C0}.Release|Any CPU.Build.0 = Release|Any CPU
		{5FACAA0E-F79F-4458-97CA-EF043B4477C0}.Release|x64.ActiveCfg = Release|Any CPU
		{5FACAA0E-F79F-4458-97CA-EF043B4477C0}.Release|x64.Build.0 = Release|Any CPU
		{5FACAA0E-F79F-4458-97CA-EF043B4477C0}.Release|x86.ActiveCfg = Release|Any CPU
		{5FACAA0E-F79F-4458-97CA-EF043B4477C0}.Release|x86.Build.0 = Release|Any CPU
		{2BBADC57-379F-4C67-B117-6E12CD03457D}.Debug|Any CPU.ActiveCfg = Debug|Any CPU
		{2BBADC57-379F-4C67-B117-6E12CD03457D}.Debug|Any CPU.Build.0 = Debug|Any CPU
		{2BBADC57-379F-4C67-B117-6E12CD03457D}.Debug|x64.ActiveCfg = Debug|Any CPU
		{2BBADC57-379F-4C67-B117-6E12CD03457D}.Debug|x64.Build.0 = Debug|Any CPU
		{2BBADC57-379F-4C67-B117-6E12CD03457D}.Debug|x86.ActiveCfg = Debug|Any CPU
		{2BBADC57-379F-4C67-B117-6E12CD03457D}.Debug|x86.Build.0 = Debug|Any CPU
		{2BBADC57-379F-4C67-B117-6E12CD03457D}.Release|Any CPU.ActiveCfg = Release|Any CPU
		{2BBADC57-379F-4C67-B117-6E12CD03457D}.Release|Any CPU.Build.0 = Release|Any CPU
		{2BBADC57-379F-4C67-B117-6E12CD03457D}.Release|x64.ActiveCfg = Release|Any CPU
		{2BBADC57-379F-4C67-B117-6E12CD03457D}.Release|x64.Build.0 = Release|Any CPU
		{2BBADC57-379F-4C67-B117-6E12CD03457D}.Release|x86.ActiveCfg = Release|Any CPU
		{2BBADC57-379F-4C67-B117-6E12CD03457D}.Release|x86.Build.0 = Release|Any CPU
		{310F5871-D438-42DA-A437-B5D280829666}.Debug|Any CPU.ActiveCfg = Debug|Any CPU
		{310F5871-D438-42DA-A437-B5D280829666}.Debug|Any CPU.Build.0 = Debug|Any CPU
		{310F5871-D438-42DA-A437-B5D280829666}.Debug|x64.ActiveCfg = Debug|Any CPU
		{310F5871-D438-42DA-A437-B5D280829666}.Debug|x64.Build.0 = Debug|Any CPU
		{310F5871-D438-42DA-A437-B5D280829666}.Debug|x86.ActiveCfg = Debug|Any CPU
		{310F5871-D438-42DA-A437-B5D280829666}.Debug|x86.Build.0 = Debug|Any CPU
		{310F5871-D438-42DA-A437-B5D280829666}.Release|Any CPU.ActiveCfg = Release|Any CPU
		{310F5871-D438-42DA-A437-B5D280829666}.Release|Any CPU.Build.0 = Release|Any CPU
		{310F5871-D438-42DA-A437-B5D280829666}.Release|x64.ActiveCfg = Release|Any CPU
		{310F5871-D438-42DA-A437-B5D280829666}.Release|x64.Build.0 = Release|Any CPU
		{310F5871-D438-42DA-A437-B5D280829666}.Release|x86.ActiveCfg = Release|Any CPU
		{310F5871-D438-42DA-A437-B5D280829666}.Release|x86.Build.0 = Release|Any CPU
		{706A1FD6-45AD-4AA6-994A-41B37947189F}.Debug|Any CPU.ActiveCfg = Debug|Any CPU
		{706A1FD6-45AD-4AA6-994A-41B37947189F}.Debug|Any CPU.Build.0 = Debug|Any CPU
		{706A1FD6-45AD-4AA6-994A-41B37947189F}.Debug|x64.ActiveCfg = Debug|Any CPU
		{706A1FD6-45AD-4AA6-994A-41B37947189F}.Debug|x64.Build.0 = Debug|Any CPU
		{706A1FD6-45AD-4AA6-994A-41B37947189F}.Debug|x86.ActiveCfg = Debug|Any CPU
		{706A1FD6-45AD-4AA6-994A-41B37947189F}.Debug|x86.Build.0 = Debug|Any CPU
		{706A1FD6-45AD-4AA6-994A-41B37947189F}.Release|Any CPU.ActiveCfg = Release|Any CPU
		{706A1FD6-45AD-4AA6-994A-41B37947189F}.Release|Any CPU.Build.0 = Release|Any CPU
		{706A1FD6-45AD-4AA6-994A-41B37947189F}.Release|x64.ActiveCfg = Release|Any CPU
		{706A1FD6-45AD-4AA6-994A-41B37947189F}.Release|x64.Build.0 = Release|Any CPU
		{706A1FD6-45AD-4AA6-994A-41B37947189F}.Release|x86.ActiveCfg = Release|Any CPU
		{706A1FD6-45AD-4AA6-994A-41B37947189F}.Release|x86.Build.0 = Release|Any CPU
	EndGlobalSection
EndGlobal
